// !$*UTF8*$!
{
	archiveVersion = 1;
	classes = {
	};
	objectVersion = 56;
	objects = {

/* Begin PBXBuildFile section */
		B55CC3D929B4DAC40032E75B /* AppDelegate.swift in Sources */ = {isa = PBXBuildFile; fileRef = B55CC3D829B4DAC40032E75B /* AppDelegate.swift */; };
		B55CC3DB29B4DAC40032E75B /* SceneDelegate.swift in Sources */ = {isa = PBXBuildFile; fileRef = B55CC3DA29B4DAC40032E75B /* SceneDelegate.swift */; };
		B55CC3DD29B4DAC40032E75B /* ViewController.swift in Sources */ = {isa = PBXBuildFile; fileRef = B55CC3DC29B4DAC40032E75B /* ViewController.swift */; };
		B55CC3E029B4DAC40032E75B /* Main.storyboard in Resources */ = {isa = PBXBuildFile; fileRef = B55CC3DE29B4DAC40032E75B /* Main.storyboard */; };
		B55CC3E229B4DAC50032E75B /* Assets.xcassets in Resources */ = {isa = PBXBuildFile; fileRef = B55CC3E129B4DAC50032E75B /* Assets.xcassets */; };
		B55CC3E529B4DAC50032E75B /* LaunchScreen.storyboard in Resources */ = {isa = PBXBuildFile; fileRef = B55CC3E329B4DAC50032E75B /* LaunchScreen.storyboard */; };
		B58CB9A829B4EE3D00A11DB3 /* SimpleTableViewCell.swift in Sources */ = {isa = PBXBuildFile; fileRef = B58CB9A729B4EE3D00A11DB3 /* SimpleTableViewCell.swift */; };
		B58CB9AB29B4F1CD00A11DB3 /* ImageTableViewCell.swift in Sources */ = {isa = PBXBuildFile; fileRef = B58CB9A929B4F1CD00A11DB3 /* ImageTableViewCell.swift */; };
		B58CB9AC29B4F1CD00A11DB3 /* ImageTableViewCell.xib in Resources */ = {isa = PBXBuildFile; fileRef = B58CB9AA29B4F1CD00A11DB3 /* ImageTableViewCell.xib */; };
		B58CB9AE29B52D7C00A11DB3 /* CodedTableViewCell.swift in Sources */ = {isa = PBXBuildFile; fileRef = B58CB9AD29B52D7C00A11DB3 /* CodedTableViewCell.swift */; };
		B58CB9B129B603DC00A11DB3 /* SnapKit in Frameworks */ = {isa = PBXBuildFile; productRef = B58CB9B029B603DC00A11DB3 /* SnapKit */; };
/* End PBXBuildFile section */

/* Begin PBXFileReference section */
		B55CC3D529B4DAC40032E75B /* Multiple Custom Cells TableView.app */ = {isa = PBXFileReference; explicitFileType = wrapper.application; includeInIndex = 0; path = "Multiple Custom Cells TableView.app"; sourceTree = BUILT_PRODUCTS_DIR; };
		B55CC3D829B4DAC40032E75B /* AppDelegate.swift */ = {isa = PBXFileReference; lastKnownFileType = sourcecode.swift; path = AppDelegate.swift; sourceTree = "<group>"; };
		B55CC3DA29B4DAC40032E75B /* SceneDelegate.swift */ = {isa = PBXFileReference; lastKnownFileType = sourcecode.swift; path = SceneDelegate.swift; sourceTree = "<group>"; };
		B55CC3DC29B4DAC40032E75B /* ViewController.swift */ = {isa = PBXFileReference; lastKnownFileType = sourcecode.swift; path = ViewController.swift; sourceTree = "<group>"; };
		B55CC3DF29B4DAC40032E75B /* Base */ = {isa = PBXFileReference; lastKnownFileType = file.storyboard; name = Base; path = Base.lproj/Main.storyboard; sourceTree = "<group>"; };
		B55CC3E129B4DAC50032E75B /* Assets.xcassets */ = {isa = PBXFileReference; lastKnownFileType = folder.assetcatalog; path = Assets.xcassets; sourceTree = "<group>"; };
		B55CC3E429B4DAC50032E75B /* Base */ = {isa = PBXFileReference; lastKnownFileType = file.storyboard; name = Base; path = Base.lproj/LaunchScreen.storyboard; sourceTree = "<group>"; };
		B55CC3E629B4DAC50032E75B /* Info.plist */ = {isa = PBXFileReference; lastKnownFileType = text.plist.xml; path = Info.plist; sourceTree = "<group>"; };
		B58CB9A729B4EE3D00A11DB3 /* SimpleTableViewCell.swift */ = {isa = PBXFileReference; lastKnownFileType = sourcecode.swift; path = SimpleTableViewCell.swift; sourceTree = "<group>"; };
		B58CB9A929B4F1CD00A11DB3 /* ImageTableViewCell.swift */ = {isa = PBXFileReference; lastKnownFileType = sourcecode.swift; path = ImageTableViewCell.swift; sourceTree = "<group>"; };
		B58CB9AA29B4F1CD00A11DB3 /* ImageTableViewCell.xib */ = {isa = PBXFileReference; lastKnownFileType = file.xib; path = ImageTableViewCell.xib; sourceTree = "<group>"; };
		B58CB9AD29B52D7C00A11DB3 /* CodedTableViewCell.swift */ = {isa = PBXFileReference; lastKnownFileType = sourcecode.swift; path = CodedTableViewCell.swift; sourceTree = "<group>"; };
/* End PBXFileReference section */

/* Begin PBXFrameworksBuildPhase section */
		B55CC3D229B4DAC40032E75B /* Frameworks */ = {
			isa = PBXFrameworksBuildPhase;
			buildActionMask = 2147483647;
			files = (
				B58CB9B129B603DC00A11DB3 /* SnapKit in Frameworks */,
			);
			runOnlyForDeploymentPostprocessing = 0;
		};
/* End PBXFrameworksBuildPhase section */

/* Begin PBXGroup section */
		B55CC3CC29B4DAC40032E75B = {
			isa = PBXGroup;
			children = (
				B55CC3D729B4DAC40032E75B /* Multiple Custom Cells TableView */,
				B55CC3D629B4DAC40032E75B /* Products */,
			);
			sourceTree = "<group>";
		};
		B55CC3D629B4DAC40032E75B /* Products */ = {
			isa = PBXGroup;
			children = (
				B55CC3D529B4DAC40032E75B /* Multiple Custom Cells TableView.app */,
			);
			name = Products;
			sourceTree = "<group>";
		};
		B55CC3D729B4DAC40032E75B /* Multiple Custom Cells TableView */ = {
			isa = PBXGroup;
			children = (
				B55CC3D829B4DAC40032E75B /* AppDelegate.swift */,
				B55CC3DA29B4DAC40032E75B /* SceneDelegate.swift */,
				B55CC3DC29B4DAC40032E75B /* ViewController.swift */,
				B55CC3DE29B4DAC40032E75B /* Main.storyboard */,
				B55CC3E129B4DAC50032E75B /* Assets.xcassets */,
				B55CC3E329B4DAC50032E75B /* LaunchScreen.storyboard */,
				B55CC3E629B4DAC50032E75B /* Info.plist */,
				B58CB9A729B4EE3D00A11DB3 /* SimpleTableViewCell.swift */,
				B58CB9A929B4F1CD00A11DB3 /* ImageTableViewCell.swift */,
				B58CB9AA29B4F1CD00A11DB3 /* ImageTableViewCell.xib */,
				B58CB9AD29B52D7C00A11DB3 /* CodedTableViewCell.swift */,
			);
			path = "Multiple Custom Cells TableView";
			sourceTree = "<group>";
		};
/* End PBXGroup section */

/* Begin PBXNativeTarget section */
		B55CC3D429B4DAC40032E75B /* Multiple Custom Cells TableView */ = {
			isa = PBXNativeTarget;
			buildConfigurationList = B55CC3E929B4DAC50032E75B /* Build configuration list for PBXNativeTarget "Multiple Custom Cells TableView" */;
			buildPhases = (
				B55CC3D129B4DAC40032E75B /* Sources */,
				B55CC3D229B4DAC40032E75B /* Frameworks */,
				B55CC3D329B4DAC40032E75B /* Resources */,
			);
			buildRules = (
			);
			dependencies = (
			);
			name = "Multiple Custom Cells TableView";
			packageProductDependencies = (
				B58CB9B029B603DC00A11DB3 /* SnapKit */,
			);
			productName = "Multiple Custom Cells TableView";
			productReference = B55CC3D529B4DAC40032E75B /* Multiple Custom Cells TableView.app */;
			productType = "com.apple.product-type.application";
		};
/* End PBXNativeTarget section */

/* Begin PBXProject section */
		B55CC3CD29B4DAC40032E75B /* Project object */ = {
			isa = PBXProject;
			attributes = {
				BuildIndependentTargetsInParallel = 1;
				LastSwiftUpdateCheck = 1420;
				LastUpgradeCheck = 1420;
				TargetAttributes = {
					B55CC3D429B4DAC40032E75B = {
						CreatedOnToolsVersion = 14.2;
					};
				};
			};
			buildConfigurationList = B55CC3D029B4DAC40032E75B /* Build configuration list for PBXProject "Multiple Custom Cells TableView" */;
			compatibilityVersion = "Xcode 14.0";
			developmentRegion = en;
			hasScannedForEncodings = 0;
			knownRegions = (
				en,
				Base,
			);
			mainGroup = B55CC3CC29B4DAC40032E75B;
			packageReferences = (
				B58CB9AF29B603DC00A11DB3 /* XCRemoteSwiftPackageReference "SnapKit" */,
			);
			productRefGroup = B55CC3D629B4DAC40032E75B /* Products */;
			projectDirPath = "";
			projectRoot = "";
			targets = (
				B55CC3D429B4DAC40032E75B /* Multiple Custom Cells TableView */,
			);
		};
/* End PBXProject section */

/* Begin PBXResourcesBuildPhase section */
		B55CC3D329B4DAC40032E75B /* Resources */ = {
			isa = PBXResourcesBuildPhase;
			buildActionMask = 2147483647;
			files = (
				B55CC3E529B4DAC50032E75B /* LaunchScreen.storyboard in Resources */,
				B58CB9AC29B4F1CD00A11DB3 /* ImageTableViewCell.xib in Resources */,
				B55CC3E229B4DAC50032E75B /* Assets.xcassets in Resources */,
				B55CC3E029B4DAC40032E75B /* Main.storyboard in Resources */,
			);
			runOnlyForDeploymentPostprocessing = 0;
		};
/* End PBXResourcesBuildPhase section */

/* Begin PBXSourcesBuildPhase section */
		B55CC3D129B4DAC40032E75B /* Sources */ = {
			isa = PBXSourcesBuildPhase;
			buildActionMask = 2147483647;
			files = (
				B55CC3DD29B4DAC40032E75B /* ViewController.swift in Sources */,
				B58CB9AE29B52D7C00A11DB3 /* CodedTableViewCell.swift in Sources */,
				B58CB9A829B4EE3D00A11DB3 /* SimpleTableViewCell.swift in Sources */,
				B58CB9AB29B4F1CD00A11DB3 /* ImageTableViewCell.swift in Sources */,
				B55CC3D929B4DAC40032E75B /* AppDelegate.swift in Sources */,
				B55CC3DB29B4DAC40032E75B /* SceneDelegate.swift in Sources */,
			);
			runOnlyForDeploymentPostprocessing = 0;
		};
/* End PBXSourcesBuildPhase section */

/* Begin PBXVariantGroup section */
		B55CC3DE29B4DAC40032E75B /* Main.storyboard */ = {
			isa = PBXVariantGroup;
			children = (
				B55CC3DF29B4DAC40032E75B /* Base */,
			);
			name = Main.storyboard;
			sourceTree = "<group>";
		};
		B55CC3E329B4DAC50032E75B /* LaunchScreen.storyboard */ = {
			isa = PBXVariantGroup;
			children = (
				B55CC3E429B4DAC50032E75B /* Base */,
			);
			name = LaunchScreen.storyboard;
			sourceTree = "<group>";
		};
/* End PBXVariantGroup section */

/* Begin XCBuildConfiguration section */
		B55CC3E729B4DAC50032E75B /* Debug */ = {
			isa = XCBuildConfiguration;
			buildSettings = {
				ALWAYS_SEARCH_USER_PATHS = NO;
				CLANG_ANALYZER_NONNULL = YES;
				CLANG_ANALYZER_NUMBER_OBJECT_CONVERSION = YES_AGGRESSIVE;
				CLANG_CXX_LANGUAGE_STANDARD = "gnu++20";
				CLANG_ENABLE_MODULES = YES;
				CLANG_ENABLE_OBJC_ARC = YES;
				CLANG_ENABLE_OBJC_WEAK = YES;
				CLANG_WARN_BLOCK_CAPTURE_AUTORELEASING = YES;
				CLANG_WARN_BOOL_CONVERSION = YES;
				CLANG_WARN_COMMA = YES;
				CLANG_WARN_CONSTANT_CONVERSION = YES;
				CLANG_WARN_DEPRECATED_OBJC_IMPLEMENTATIONS = YES;
				CLANG_WARN_DIRECT_OBJC_ISA_USAGE = YES_ERROR;
				CLANG_WARN_DOCUMENTATION_COMMENTS = YES;
				CLANG_WARN_EMPTY_BODY = YES;
				CLANG_WARN_ENUM_CONVERSION = YES;
				CLANG_WARN_INFINITE_RECURSION = YES;
				CLANG_WARN_INT_CONVERSION = YES;
				CLANG_WARN_NON_LITERAL_NULL_CONVERSION = YES;
				CLANG_WARN_OBJC_IMPLICIT_RETAIN_SELF = YES;
				CLANG_WARN_OBJC_LITERAL_CONVERSION = YES;
				CLANG_WARN_OBJC_ROOT_CLASS = YES_ERROR;
				CLANG_WARN_QUOTED_INCLUDE_IN_FRAMEWORK_HEADER = YES;
				CLANG_WARN_RANGE_LOOP_ANALYSIS = YES;
				CLANG_WARN_STRICT_PROTOTYPES = YES;
				CLANG_WARN_SUSPICIOUS_MOVE = YES;
				CLANG_WARN_UNGUARDED_AVAILABILITY = YES_AGGRESSIVE;
				CLANG_WARN_UNREACHABLE_CODE = YES;
				CLANG_WARN__DUPLICATE_METHOD_MATCH = YES;
				COPY_PHASE_STRIP = NO;
				DEBUG_INFORMATION_FORMAT = dwarf;
				ENABLE_STRICT_OBJC_MSGSEND = YES;
				ENABLE_TESTABILITY = YES;
				GCC_C_LANGUAGE_STANDARD = gnu11;
				GCC_DYNAMIC_NO_PIC = NO;
				GCC_NO_COMMON_BLOCKS = YES;
				GCC_OPTIMIZATION_LEVEL = 0;
				GCC_PREPROCESSOR_DEFINITIONS = (
					"DEBUG=1",
					"$(inherited)",
				);
				GCC_WARN_64_TO_32_BIT_CONVERSION = YES;
				GCC_WARN_ABOUT_RETURN_TYPE = YES_ERROR;
				GCC_WARN_UNDECLARED_SELECTOR = YES;
				GCC_WARN_UNINITIALIZED_AUTOS = YES_AGGRESSIVE;
				GCC_WARN_UNUSED_FUNCTION = YES;
				GCC_WARN_UNUSED_VARIABLE = YES;
				IPHONEOS_DEPLOYMENT_TARGET = 16.2;
				MTL_ENABLE_DEBUG_INFO = INCLUDE_SOURCE;
				MTL_FAST_MATH = YES;
				ONLY_ACTIVE_ARCH = YES;
				SDKROOT = iphoneos;
				SWIFT_ACTIVE_COMPILATION_CONDITIONS = DEBUG;
				SWIFT_OPTIMIZATION_LEVEL = "-Onone";
			};
			name = Debug;
		};
		B55CC3E829B4DAC50032E75B /* Release */ = {
			isa = XCBuildConfiguration;
			buildSettings = {
				ALWAYS_SEARCH_USER_PATHS = NO;
				CLANG_ANALYZER_NONNULL = YES;
				CLANG_ANALYZER_NUMBER_OBJECT_CONVERSION = YES_AGGRESSIVE;
				CLANG_CXX_LANGUAGE_STANDARD = "gnu++20";
				CLANG_ENABLE_MODULES = YES;
				CLANG_ENABLE_OBJC_ARC = YES;
				CLANG_ENABLE_OBJC_WEAK = YES;
				CLANG_WARN_BLOCK_CAPTURE_AUTORELEASING = YES;
				CLANG_WARN_BOOL_CONVERSION = YES;
				CLANG_WARN_COMMA = YES;
				CLANG_WARN_CONSTANT_CONVERSION = YES;
				CLANG_WARN_DEPRECATED_OBJC_IMPLEMENTATIONS = YES;
				CLANG_WARN_DIRECT_OBJC_ISA_USAGE = YES_ERROR;
				CLANG_WARN_DOCUMENTATION_COMMENTS = YES;
				CLANG_WARN_EMPTY_BODY = YES;
				CLANG_WARN_ENUM_CONVERSION = YES;
				CLANG_WARN_INFINITE_RECURSION = YES;
				CLANG_WARN_INT_CONVERSION = YES;
				CLANG_WARN_NON_LITERAL_NULL_CONVERSION = YES;
				CLANG_WARN_OBJC_IMPLICIT_RETAIN_SELF = YES;
				CLANG_WARN_OBJC_LITERAL_CONVERSION = YES;
				CLANG_WARN_OBJC_ROOT_CLASS = YES_ERROR;
				CLANG_WARN_QUOTED_INCLUDE_IN_FRAMEWORK_HEADER = YES;
				CLANG_WARN_RANGE_LOOP_ANALYSIS = YES;
				CLANG_WARN_STRICT_PROTOTYPES = YES;
				CLANG_WARN_SUSPICIOUS_MOVE = YES;
				CLANG_WARN_UNGUARDED_AVAILABILITY = YES_AGGRESSIVE;
				CLANG_WARN_UNREACHABLE_CODE = YES;
				CLANG_WARN__DUPLICATE_METHOD_MATCH = YES;
				COPY_PHASE_STRIP = NO;
				DEBUG_INFORMATION_FORMAT = "dwarf-with-dsym";
				ENABLE_NS_ASSERTIONS = NO;
				ENABLE_STRICT_OBJC_MSGSEND = YES;
				GCC_C_LANGUAGE_STANDARD = gnu11;
				GCC_NO_COMMON_BLOCKS = YES;
				GCC_WARN_64_TO_32_BIT_CONVERSION = YES;
				GCC_WARN_ABOUT_RETURN_TYPE = YES_ERROR;
				GCC_WARN_UNDECLARED_SELECTOR = YES;
				GCC_WARN_UNINITIALIZED_AUTOS = YES_AGGRESSIVE;
				GCC_WARN_UNUSED_FUNCTION = YES;
				GCC_WARN_UNUSED_VARIABLE = YES;
				IPHONEOS_DEPLOYMENT_TARGET = 16.2;
				MTL_ENABLE_DEBUG_INFO = NO;
				MTL_FAST_MATH = YES;
				SDKROOT = iphoneos;
				SWIFT_COMPILATION_MODE = wholemodule;
				SWIFT_OPTIMIZATION_LEVEL = "-O";
				VALIDATE_PRODUCT = YES;
			};
			name = Release;
		};
		B55CC3EA29B4DAC50032E75B /* Debug */ = {
			isa = XCBuildConfiguration;
			buildSettings = {
				ASSETCATALOG_COMPILER_APPICON_NAME = AppIcon;
				ASSETCATALOG_COMPILER_GLOBAL_ACCENT_COLOR_NAME = AccentColor;
				CODE_SIGN_STYLE = Automatic;
				CURRENT_PROJECT_VERSION = 1;
				DEVELOPMENT_TEAM = 38RD97FWR3;
				GENERATE_INFOPLIST_FILE = YES;
				INFOPLIST_FILE = "Multiple Custom Cells TableView/Info.plist";
				INFOPLIST_KEY_UIApplicationSupportsIndirectInputEvents = YES;
				INFOPLIST_KEY_UILaunchStoryboardName = LaunchScreen;
				INFOPLIST_KEY_UIMainStoryboardFile = Main;
				INFOPLIST_KEY_UISupportedInterfaceOrientations_iPad = "UIInterfaceOrientationPortrait UIInterfaceOrientationPortraitUpsideDown UIInterfaceOrientationLandscapeLeft UIInterfaceOrientationLandscapeRight";
				INFOPLIST_KEY_UISupportedInterfaceOrientations_iPhone = "UIInterfaceOrientationPortrait UIInterfaceOrientationLandscapeLeft UIInterfaceOrientationLandscapeRight";
				LD_RUNPATH_SEARCH_PATHS = (
					"$(inherited)",
					"@executable_path/Frameworks",
				);
				MARKETING_VERSION = 1.0;
				PRODUCT_BUNDLE_IDENTIFIER = "com.yusuf.Multiple-Custom-Cells-TableView";
				PRODUCT_NAME = "$(TARGET_NAME)";
				SWIFT_EMIT_LOC_STRINGS = YES;
				SWIFT_VERSION = 5.0;
				TARGETED_DEVICE_FAMILY = "1,2";
			};
			name = Debug;
		};
		B55CC3EB29B4DAC50032E75B /* Release */ = {
			isa = XCBuildConfiguration;
			buildSettings = {
				ASSETCATALOG_COMPILER_APPICON_NAME = AppIcon;
				ASSETCATALOG_COMPILER_GLOBAL_ACCENT_COLOR_NAME = AccentColor;
				CODE_SIGN_STYLE = Automatic;
				CURRENT_PROJECT_VERSION = 1;
				DEVELOPMENT_TEAM = 38RD97FWR3;
				GENERATE_INFOPLIST_FILE = YES;
				INFOPLIST_FILE = "Multiple Custom Cells TableView/Info.plist";
				INFOPLIST_KEY_UIApplicationSupportsIndirectInputEvents = YES;
				INFOPLIST_KEY_UILaunchStoryboardName = LaunchScreen;
				INFOPLIST_KEY_UIMainStoryboardFile = Main;
				INFOPLIST_KEY_UISupportedInterfaceOrientations_iPad = "UIInterfaceOrientationPortrait UIInterfaceOrientationPortraitUpsideDown UIInterfaceOrientationLandscapeLeft UIInterfaceOrientationLandscapeRight";
				INFOPLIST_KEY_UISupportedInterfaceOrientations_iPhone = "UIInterfaceOrientationPortrait UIInterfaceOrientationLandscapeLeft UIInterfaceOrientationLandscapeRight";
				LD_RUNPATH_SEARCH_PATHS = (
					"$(inherited)",
					"@executable_path/Frameworks",
				);
				MARKETING_VERSION = 1.0;
				PRODUCT_BUNDLE_IDENTIFIER = "com.yusuf.Multiple-Custom-Cells-TableView";
				PRODUCT_NAME = "$(TARGET_NAME)";
				SWIFT_EMIT_LOC_STRINGS = YES;
				SWIFT_VERSION = 5.0;
				TARGETED_DEVICE_FAMILY = "1,2";
			};
			name = Release;
		};
/* End XCBuildConfiguration section */

/* Begin XCConfigurationList section */
		B55CC3D029B4DAC40032E75B /* Build configuration list for PBXProject "Multiple Custom Cells TableView" */ = {
			isa = XCConfigurationList;
			buildConfigurations = (
				B55CC3E729B4DAC50032E75B /* Debug */,
				B55CC3E829B4DAC50032E75B /* Release */,
			);
			defaultConfigurationIsVisible = 0;
			defaultConfigurationName = Release;
		};
		B55CC3E929B4DAC50032E75B /* Build configuration list for PBXNativeTarget "Multiple Custom Cells TableView" */ = {
			isa = XCConfigurationList;
			buildConfigurations = (
				B55CC3EA29B4DAC50032E75B /* Debug */,
				B55CC3EB29B4DAC50032E75B /* Release */,
			);
			defaultConfigurationIsVisible = 0;
			defaultConfigurationName = Release;
		};
/* End XCConfigurationList section */

/* Begin XCRemoteSwiftPackageReference section */
		B58CB9AF29B603DC00A11DB3 /* XCRemoteSwiftPackageReference "SnapKit" */ = {
			isa = XCRemoteSwiftPackageReference;
			repositoryURL = "https://github.com/SnapKit/SnapKit.git";
			requirement = {
				branch = develop;
				kind = branch;
			};
		};
/* End XCRemoteSwiftPackageReference section */

/* Begin XCSwiftPackageProductDependency section */
		B58CB9B029B603DC00A11DB3 /* SnapKit */ = {
			isa = XCSwiftPackageProductDependency;
			package = B58CB9AF29B603DC00A11DB3 /* XCRemoteSwiftPackageReference "SnapKit" */;
			productName = SnapKit;
		};
/* End XCSwiftPackageProductDependency section */
	};
	rootObject = B55CC3CD29B4DAC40032E75B /* Project object */;
}
